
Microsoft Visual Studio Solution File, Format Version 12.00
# Visual Studio Version 17
VisualStudioVersion = 17.10.35201.131
MinimumVisualStudioVersion = 10.0.40219.1
Project("{FAE04EC0-301F-11D3-BF4B-00C04F79EFBC}") = "RentalCar.API", "RentalCar.API\RentalCar.API.csproj", "{B0328A60-D8C5-4C28-8E40-532768DE11B5}"
EndProject
Global
	GlobalSection(SolutionConfigurationPlatforms) = preSolution
		Debug|Any CPU = Debug|Any CPU
		Release|Any CPU = Release|Any CPU
	EndGlobalSection
	GlobalSection(ProjectConfigurationPlatforms) = postSolution
		{B0328A60-D8C5-4C28-8E40-532768DE11B5}.Debug|Any CPU.ActiveCfg = Debug|Any CPU
		{B0328A60-D8C5-4C28-8E40-532768DE11B5}.Debug|Any CPU.Build.0 = Debug|Any CPU
		{B0328A60-D8C5-4C28-8E40-532768DE11B5}.Release|Any CPU.ActiveCfg = Release|Any CPU
		{B0328A60-D8C5-4C28-8E40-532768DE11B5}.Release|Any CPU.Build.0 = Release|Any CPU
	EndGlobalSection
	GlobalSection(SolutionProperties) = preSolution
		HideSolutionNode = FALSE
	EndGlobalSection
	GlobalSection(ExtensibilityGlobals) = postSolution
		SolutionGuid = {1F9F9603-F639-432C-9777-52177F28D72F}
	EndGlobalSection
EndGlobal
